
Microsoft Visual Studio Solution File, Format Version 12.00
# Visual Studio Version 17
VisualStudioVersion = 17.11.35219.272
MinimumVisualStudioVersion = 10.0.40219.1
Project("{FAE04EC0-301F-11D3-BF4B-00C04F79EFBC}") = "spacecounter", "spacecounter\spacecounter.csproj", "{29E11258-B067-4C8C-9B33-695C5C91FF32}"
EndProject
Global
	GlobalSection(SolutionConfigurationPlatforms) = preSolution
		Debug|Any CPU = Debug|Any CPU
		Release|Any CPU = Release|Any CPU
	EndGlobalSection
	GlobalSection(ProjectConfigurationPlatforms) = postSolution
		{29E11258-B067-4C8C-9B33-695C5C91FF32}.Debug|Any CPU.ActiveCfg = Debug|Any CPU
		{29E11258-B067-4C8C-9B33-695C5C91FF32}.Debug|Any CPU.Build.0 = Debug|Any CPU
		{29E11258-B067-4C8C-9B33-695C5C91FF32}.Release|Any CPU.ActiveCfg = Release|Any CPU
		{29E11258-B067-4C8C-9B33-695C5C91FF32}.Release|Any CPU.Build.0 = Release|Any CPU
	EndGlobalSection
	GlobalSection(SolutionProperties) = preSolution
		HideSolutionNode = FALSE
	EndGlobalSection
	GlobalSection(ExtensibilityGlobals) = postSolution
		SolutionGuid = {093C0F5D-E72F-404D-ABEF-288785D33EF9}
	EndGlobalSection
EndGlobal
